{
  "version": 4,
  "terraform_version": "0.14.0",
  "serial": 33,
  "lineage": "b9ddc474-e821-5200-eafd-82c4aef90d53",
  "outputs": {
    "app_id": {
      "value": "44f393f4-35e0-4662-a4bb-6fc78fe8c14b",
      "type": "string"
    },
    "instrumentation_key": {
      "value": "318dba49-59f8-4ea9-a829-d1c9bc33ad15",
      "type": "string"
    }
  },
  "resources": [
    {
      "mode": "managed",
      "type": "azurerm_app_service",
      "name": "appservice",
      "provider": "provider[\"registry.terraform.io/hashicorp/azurerm\"]",
      "instances": [
        {
          "schema_version": 0,
          "attributes": {
            "app_service_plan_id": "/subscriptions/f5e16c5a-309d-4f6e-a1d4-9f2b6bbc5998/resourceGroups/tpgame-app01-rgtpterraform/providers/Microsoft.Web/serverfarms/tpgame-app01-plan",
            "app_settings": {
              "APPINSIGHTS_INSTRUMENTATIONKEY": "318dba49-59f8-4ea9-a829-d1c9bc33ad15",
              "APPINSIGHTS_PROFILERFEATURE_VERSION": "1.0.0",
              "APPINSIGHTS_SNAPSHOTFEATURE_VERSION": "1.0.0",
              "ApplicationInsightsAgent_EXTENSION_VERSION": "~2",
              "DiagnosticServices_EXTENSION_VERSION": "~3",
              "InstrumentationEngine_EXTENSION_VERSION": "~1",
              "SOME_KEY": "some-value",
              "SnapshotDebugger_EXTENSION_VERSION": "~1",
              "XDT_MicrosoftApplicationInsights_BaseExtensions": "~1",
              "XDT_MicrosoftApplicationInsights_Mode": "recommended"
            },
            "auth_settings": [
              {
                "active_directory": [],
                "additional_login_params": {},
                "allowed_external_redirect_urls": [],
                "default_provider": "",
                "enabled": false,
                "facebook": [],
                "google": [],
                "issuer": "",
                "microsoft": [],
                "runtime_version": "",
                "token_refresh_extension_hours": 0,
                "token_store_enabled": false,
                "twitter": [],
                "unauthenticated_client_action": ""
              }
            ],
            "backup": [],
            "client_affinity_enabled": false,
            "client_cert_enabled": false,
            "connection_string": [
              {
                "name": "Database",
                "type": "SQLServer",
                "value": "Server=some-server.mydomain.com;Integrated Security=SSPI"
              }
            ],
            "custom_domain_verification_id": "5264C8531FE60D4EE57133B956292CC35A97D22647C673E240E644B943217A38",
            "default_site_hostname": "tpgame-app01-app-1.azurewebsites.net",
            "enabled": true,
            "https_only": true,
            "id": "/subscriptions/f5e16c5a-309d-4f6e-a1d4-9f2b6bbc5998/resourceGroups/tpgame-app01-rgtpterraform/providers/Microsoft.Web/sites/tpgame-app01-app-1",
            "identity": [],
            "location": "westeurope",
            "logs": [
              {
                "application_logs": [
                  {
                    "azure_blob_storage": [],
                    "file_system_level": "Off"
                  }
                ],
                "http_logs": [
                  {
                    "azure_blob_storage": [],
                    "file_system": []
                  }
                ]
              }
            ],
            "name": "tpgame-app01-app-1",
            "outbound_ip_addresses": "51.105.216.233,51.138.15.92,20.50.181.181,20.50.182.0,20.50.182.14,51.138.102.28",
            "possible_outbound_ip_addresses": "51.105.216.233,51.138.15.92,20.50.181.181,20.50.182.0,20.50.182.14,51.138.102.28,20.50.182.113,20.50.182.138,20.50.182.216,20.50.182.227,20.50.182.250,20.50.183.19,20.50.183.44,51.105.221.68,20.50.183.56,20.50.179.215,51.138.103.44,52.149.107.233",
            "resource_group_name": "tpgame-app01-rgtpterraform",
            "site_config": [
              {
                "always_on": false,
                "app_command_line": "",
                "auto_swap_slot_name": "",
                "cors": [
                  {
                    "allowed_origins": [],
                    "support_credentials": false
                  }
                ],
                "default_documents": null,
                "dotnet_framework_version": "v4.0",
                "ftps_state": "AllAllowed",
                "health_check_path": "",
                "http2_enabled": false,
                "ip_restriction": [],
                "java_container": "",
                "java_container_version": "",
                "java_version": "",
                "linux_fx_version": "NODE|10.14",
                "local_mysql_enabled": false,
                "managed_pipeline_mode": "Integrated",
                "min_tls_version": "1.2",
                "php_version": "",
                "python_version": "",
                "remote_debugging_enabled": false,
                "remote_debugging_version": "VS2019",
                "scm_ip_restriction": [],
                "scm_type": "None",
                "scm_use_main_ip_restriction": false,
                "use_32_bit_worker_process": false,
                "websockets_enabled": false,
                "windows_fx_version": ""
              }
            ],
            "site_credential": [
              {
                "password": "PqEfZYz6vaYT8t7rgqRui8drKf0FzhufwZo21A41qGoxAduqqNq46Gt8izEw",
                "username": "$tpgame-app01-app-1"
              }
            ],
            "source_control": [
              {
                "branch": "master",
                "manual_integration": false,
                "repo_url": "",
                "rollback_enabled": false,
                "use_mercurial": false
              }
            ],
            "storage_account": [],
            "tags": null,
            "timeouts": null
          },
          "sensitive_attributes": [],
          "private": "eyJlMmJmYjczMC1lY2FhLTExZTYtOGY4OC0zNDM2M2JjN2M0YzAiOnsiY3JlYXRlIjoxODAwMDAwMDAwMDAwLCJkZWxldGUiOjE4MDAwMDAwMDAwMDAsInJlYWQiOjMwMDAwMDAwMDAwMCwidXBkYXRlIjoxODAwMDAwMDAwMDAwfX0=",
          "dependencies": [
            "azurerm_app_service_plan.appserviceplan1",
            "azurerm_application_insights.appService-app_insights",
            "azurerm_resource_group.resource_group"
          ]
        }
      ]
    },
    {
      "mode": "managed",
      "type": "azurerm_app_service_plan",
      "name": "appserviceplan1",
      "provider": "provider[\"registry.terraform.io/hashicorp/azurerm\"]",
      "instances": [
        {
          "schema_version": 0,
          "attributes": {
            "app_service_environment_id": "",
            "id": "/subscriptions/f5e16c5a-309d-4f6e-a1d4-9f2b6bbc5998/resourceGroups/tpgame-app01-rgtpterraform/providers/Microsoft.Web/serverfarms/tpgame-app01-plan",
            "is_xenon": false,
            "kind": "linux",
            "location": "westeurope",
            "maximum_elastic_worker_count": 1,
            "maximum_number_of_workers": 10,
            "name": "tpgame-app01-plan",
            "per_site_scaling": false,
            "reserved": true,
            "resource_group_name": "tpgame-app01-rgtpterraform",
            "sku": [
              {
                "capacity": 1,
                "size": "S1",
                "tier": "Standard"
              }
            ],
            "tags": null,
            "timeouts": null
          },
          "sensitive_attributes": [],
          "private": "eyJlMmJmYjczMC1lY2FhLTExZTYtOGY4OC0zNDM2M2JjN2M0YzAiOnsiY3JlYXRlIjozNjAwMDAwMDAwMDAwLCJkZWxldGUiOjM2MDAwMDAwMDAwMDAsInJlYWQiOjMwMDAwMDAwMDAwMCwidXBkYXRlIjozNjAwMDAwMDAwMDAwfX0=",
          "dependencies": [
            "azurerm_resource_group.resource_group"
          ]
        }
      ]
    },
    {
      "mode": "managed",
      "type": "azurerm_application_insights",
      "name": "appService-app_insights",
      "provider": "provider[\"registry.terraform.io/hashicorp/azurerm\"]",
      "instances": [
        {
          "schema_version": 0,
          "attributes": {
            "app_id": "44f393f4-35e0-4662-a4bb-6fc78fe8c14b",
            "application_type": "ios",
            "connection_string": "InstrumentationKey=318dba49-59f8-4ea9-a829-d1c9bc33ad15;IngestionEndpoint=https://westeurope-1.in.applicationinsights.azure.com/",
            "daily_data_cap_in_gb": 100,
            "daily_data_cap_notifications_disabled": false,
            "disable_ip_masking": false,
            "id": "/subscriptions/f5e16c5a-309d-4f6e-a1d4-9f2b6bbc5998/resourceGroups/tpgame-app01-rgtpterraform/providers/microsoft.insights/components/tpgame-app01-appi-1",
            "instrumentation_key": "318dba49-59f8-4ea9-a829-d1c9bc33ad15",
            "location": "westeurope",
            "name": "tpgame-app01-appi-1",
            "resource_group_name": "tpgame-app01-rgtpterraform",
            "retention_in_days": 90,
            "sampling_percentage": 100,
            "tags": null,
            "timeouts": null
          },
          "sensitive_attributes": [],
          "private": "eyJlMmJmYjczMC1lY2FhLTExZTYtOGY4OC0zNDM2M2JjN2M0YzAiOnsiY3JlYXRlIjoxODAwMDAwMDAwMDAwLCJkZWxldGUiOjE4MDAwMDAwMDAwMDAsInJlYWQiOjMwMDAwMDAwMDAwMCwidXBkYXRlIjoxODAwMDAwMDAwMDAwfX0=",
          "dependencies": [
            "azurerm_resource_group.resource_group"
          ]
        }
      ]
    },
    {
      "mode": "managed",
      "type": "azurerm_cdn_profile",
      "name": "cdnprofile",
      "provider": "provider[\"registry.terraform.io/hashicorp/azurerm\"]",
      "instances": [
        {
          "schema_version": 1,
          "attributes": {
            "id": "/subscriptions/f5e16c5a-309d-4f6e-a1d4-9f2b6bbc5998/resourceGroups/tpgame-app01-rgtpterraform/providers/Microsoft.Cdn/profiles/appcdn01",
            "location": "westeurope",
            "name": "appcdn01",
            "resource_group_name": "tpgame-app01-rgtpterraform",
            "sku": "Standard_Akamai",
            "tags": null,
            "timeouts": null
          },
          "sensitive_attributes": [],
          "private": "eyJlMmJmYjczMC1lY2FhLTExZTYtOGY4OC0zNDM2M2JjN2M0YzAiOnsiY3JlYXRlIjoxODAwMDAwMDAwMDAwLCJkZWxldGUiOjE4MDAwMDAwMDAwMDAsInJlYWQiOjMwMDAwMDAwMDAwMCwidXBkYXRlIjoxODAwMDAwMDAwMDAwfSwic2NoZW1hX3ZlcnNpb24iOiIxIn0=",
          "dependencies": [
            "azurerm_resource_group.resource_group"
          ]
        }
      ]
    },
    {
      "mode": "managed",
      "type": "azurerm_monitor_autoscale_setting",
      "name": "appserviceplan1_autoscale",
      "provider": "provider[\"registry.terraform.io/hashicorp/azurerm\"]",
      "instances": [
        {
          "schema_version": 0,
          "attributes": {
            "enabled": true,
            "id": "/subscriptions/f5e16c5a-309d-4f6e-a1d4-9f2b6bbc5998/resourceGroups/tpgame-app01-rgtpterraform/providers/microsoft.insights/autoscalesettings/{var.prefix}-{var.AppService1_AutoscaleSetting}",
            "location": "westeurope",
            "name": "{var.prefix}-{var.AppService1_AutoscaleSetting}",
            "notification": [],
            "profile": [
              {
                "capacity": [
                  {
                    "default": 2,
                    "maximum": 4,
                    "minimum": 2
                  }
                ],
                "fixed_date": [],
                "name": "defaultProfile",
                "recurrence": [],
                "rule": []
              }
            ],
            "resource_group_name": "tpgame-app01-rgtpterraform",
            "tags": null,
            "target_resource_id": "/subscriptions/f5e16c5a-309d-4f6e-a1d4-9f2b6bbc5998/resourceGroups/tpgame-app01-rgtpterraform/providers/Microsoft.Web/serverfarms/tpgame-app01-plan",
            "timeouts": null
          },
          "sensitive_attributes": [],
          "private": "eyJlMmJmYjczMC1lY2FhLTExZTYtOGY4OC0zNDM2M2JjN2M0YzAiOnsiY3JlYXRlIjoxODAwMDAwMDAwMDAwLCJkZWxldGUiOjE4MDAwMDAwMDAwMDAsInJlYWQiOjMwMDAwMDAwMDAwMCwidXBkYXRlIjoxODAwMDAwMDAwMDAwfX0=",
          "dependencies": [
            "azurerm_app_service_plan.appserviceplan1",
            "azurerm_resource_group.resource_group"
          ]
        }
      ]
    },
    {
      "mode": "managed",
      "type": "azurerm_mysql_database",
      "name": "mysql-db",
      "provider": "provider[\"registry.terraform.io/hashicorp/azurerm\"]",
      "instances": [
        {
          "schema_version": 0,
          "attributes": {
            "charset": "utf8",
            "collation": "utf8_unicode_ci",
            "id": "/subscriptions/f5e16c5a-309d-4f6e-a1d4-9f2b6bbc5998/resourceGroups/tpgame-app01-rgtpterraform/providers/Microsoft.DBforMySQL/servers/mysqlgameappdbserver/databases/dhivinadb",
            "name": "dhivinadb",
            "resource_group_name": "tpgame-app01-rgtpterraform",
            "server_name": "mysqlgameappdbserver",
            "timeouts": null
          },
          "sensitive_attributes": [],
          "private": "eyJlMmJmYjczMC1lY2FhLTExZTYtOGY4OC0zNDM2M2JjN2M0YzAiOnsiY3JlYXRlIjozNjAwMDAwMDAwMDAwLCJkZWxldGUiOjM2MDAwMDAwMDAwMDAsInJlYWQiOjMwMDAwMDAwMDAwMCwidXBkYXRlIjozNjAwMDAwMDAwMDAwfX0=",
          "dependencies": [
            "azurerm_mysql_server.mysql-server",
            "azurerm_resource_group.resource_group"
          ]
        }
      ]
    },
    {
      "mode": "managed",
      "type": "azurerm_mysql_firewall_rule",
      "name": "mysql-rg",
      "provider": "provider[\"registry.terraform.io/hashicorp/azurerm\"]",
      "instances": [
        {
          "schema_version": 0,
          "attributes": {
            "end_ip_address": "0.0.0.0",
            "id": "/subscriptions/f5e16c5a-309d-4f6e-a1d4-9f2b6bbc5998/resourceGroups/tpgame-app01-rgtpterraform/providers/Microsoft.DBforMySQL/servers/mysqlgameappdbserver/firewallRules/mysql_firewall",
            "name": "mysql_firewall",
            "resource_group_name": "tpgame-app01-rgtpterraform",
            "server_name": "mysqlgameappdbserver",
            "start_ip_address": "0.0.0.0",
            "timeouts": null
          },
          "sensitive_attributes": [],
          "private": "eyJlMmJmYjczMC1lY2FhLTExZTYtOGY4OC0zNDM2M2JjN2M0YzAiOnsiY3JlYXRlIjoxODAwMDAwMDAwMDAwLCJkZWxldGUiOjE4MDAwMDAwMDAwMDAsInJlYWQiOjMwMDAwMDAwMDAwMCwidXBkYXRlIjoxODAwMDAwMDAwMDAwfX0=",
          "dependencies": [
            "azurerm_mysql_server.mysql-server",
            "azurerm_resource_group.resource_group"
          ]
        }
      ]
    },
    {
      "mode": "managed",
      "type": "azurerm_mysql_server",
      "name": "mysql-server",
      "provider": "provider[\"registry.terraform.io/hashicorp/azurerm\"]",
      "instances": [
        {
          "schema_version": 0,
          "attributes": {
            "administrator_login": "dhivina-admin",
            "administrator_login_password": "voiciAP@ssw0rd",
            "auto_grow_enabled": true,
            "backup_retention_days": 7,
            "create_mode": "Default",
            "creation_source_server_id": null,
            "fqdn": "mysqlgameappdbserver.mysql.database.azure.com",
            "geo_redundant_backup_enabled": false,
            "id": "/subscriptions/f5e16c5a-309d-4f6e-a1d4-9f2b6bbc5998/resourceGroups/tpgame-app01-rgtpterraform/providers/Microsoft.DBforMySQL/servers/mysqlgameappdbserver",
            "identity": [],
            "infrastructure_encryption_enabled": false,
            "location": "westeurope",
            "name": "mysqlgameappdbserver",
            "public_network_access_enabled": true,
            "resource_group_name": "tpgame-app01-rgtpterraform",
            "restore_point_in_time": null,
            "sku_name": "B_Gen5_1",
            "ssl_enforcement": "Enabled",
            "ssl_enforcement_enabled": true,
            "ssl_minimal_tls_version_enforced": "TLS1_2",
            "storage_mb": 5120,
            "storage_profile": [
              {
                "auto_grow": "Enabled",
                "backup_retention_days": 7,
                "geo_redundant_backup": "Disabled",
                "storage_mb": 5120
              }
            ],
            "tags": null,
            "threat_detection_policy": [],
            "timeouts": null,
            "version": "8.0"
          },
          "sensitive_attributes": [],
          "private": "eyJlMmJmYjczMC1lY2FhLTExZTYtOGY4OC0zNDM2M2JjN2M0YzAiOnsiY3JlYXRlIjozNjAwMDAwMDAwMDAwLCJkZWxldGUiOjM2MDAwMDAwMDAwMDAsInJlYWQiOjMwMDAwMDAwMDAwMCwidXBkYXRlIjozNjAwMDAwMDAwMDAwfX0=",
          "dependencies": [
            "azurerm_resource_group.resource_group"
          ]
        }
      ]
    },
    {
      "mode": "managed",
      "type": "azurerm_resource_group",
      "name": "resource_group",
      "provider": "provider[\"registry.terraform.io/hashicorp/azurerm\"]",
      "instances": [
        {
          "schema_version": 0,
          "attributes": {
            "id": "/subscriptions/f5e16c5a-309d-4f6e-a1d4-9f2b6bbc5998/resourceGroups/tpgame-app01-rgtpterraform",
            "location": "westeurope",
            "name": "tpgame-app01-rgtpterraform",
            "tags": null,
            "timeouts": null
          },
          "sensitive_attributes": [],
          "private": "eyJlMmJmYjczMC1lY2FhLTExZTYtOGY4OC0zNDM2M2JjN2M0YzAiOnsiY3JlYXRlIjo1NDAwMDAwMDAwMDAwLCJkZWxldGUiOjU0MDAwMDAwMDAwMDAsInJlYWQiOjMwMDAwMDAwMDAwMCwidXBkYXRlIjo1NDAwMDAwMDAwMDAwfX0="
        }
      ]
    },
    {
      "mode": "managed",
      "type": "azurerm_storage_account",
      "name": "storage_account",
      "provider": "provider[\"registry.terraform.io/hashicorp/azurerm\"]",
      "instances": [
        {
          "schema_version": 2,
          "attributes": {
            "access_tier": "Hot",
            "account_kind": "StorageV2",
            "account_replication_type": "LRS",
            "account_tier": "Standard",
            "allow_blob_public_access": false,
            "blob_properties": [],
            "custom_domain": [],
            "enable_https_traffic_only": true,
            "id": "/subscriptions/f5e16c5a-309d-4f6e-a1d4-9f2b6bbc5998/resourceGroups/tpgame-app01-rgtpterraform/providers/Microsoft.Storage/storageAccounts/satpterraformesgi",
            "identity": [],
            "is_hns_enabled": false,
            "large_file_share_enabled": null,
            "location": "westeurope",
            "min_tls_version": "TLS1_0",
            "name": "satpterraformesgi",
            "network_rules": [
              {
                "bypass": [
                  "AzureServices"
                ],
                "default_action": "Allow",
                "ip_rules": [],
                "virtual_network_subnet_ids": []
              }
            ],
            "primary_access_key": "+tCBYVElJ/wCo4GwlbmFBxgtwl7RUKssqraVK+eg0NypAKeDtvM8NhrlbOEOV4NAZFKeiwCuVQiiI2mmR6eZig==",
            "primary_blob_connection_string": "DefaultEndpointsProtocol=https;BlobEndpoint=https://satpterraformesgi.blob.core.windows.net/;AccountName=satpterraformesgi;AccountKey=+tCBYVElJ/wCo4GwlbmFBxgtwl7RUKssqraVK+eg0NypAKeDtvM8NhrlbOEOV4NAZFKeiwCuVQiiI2mmR6eZig==",
            "primary_blob_endpoint": "https://satpterraformesgi.blob.core.windows.net/",
            "primary_blob_host": "satpterraformesgi.blob.core.windows.net",
            "primary_connection_string": "DefaultEndpointsProtocol=https;AccountName=satpterraformesgi;AccountKey=+tCBYVElJ/wCo4GwlbmFBxgtwl7RUKssqraVK+eg0NypAKeDtvM8NhrlbOEOV4NAZFKeiwCuVQiiI2mmR6eZig==;EndpointSuffix=core.windows.net",
            "primary_dfs_endpoint": "https://satpterraformesgi.dfs.core.windows.net/",
            "primary_dfs_host": "satpterraformesgi.dfs.core.windows.net",
            "primary_file_endpoint": "https://satpterraformesgi.file.core.windows.net/",
            "primary_file_host": "satpterraformesgi.file.core.windows.net",
            "primary_location": "westeurope",
            "primary_queue_endpoint": "https://satpterraformesgi.queue.core.windows.net/",
            "primary_queue_host": "satpterraformesgi.queue.core.windows.net",
            "primary_table_endpoint": "https://satpterraformesgi.table.core.windows.net/",
            "primary_table_host": "satpterraformesgi.table.core.windows.net",
            "primary_web_endpoint": "https://satpterraformesgi.z6.web.core.windows.net/",
            "primary_web_host": "satpterraformesgi.z6.web.core.windows.net",
            "queue_properties": [
              {
                "cors_rule": [],
                "hour_metrics": [
                  {
                    "enabled": true,
                    "include_apis": true,
                    "retention_policy_days": 7,
                    "version": "1.0"
                  }
                ],
                "logging": [
                  {
                    "delete": false,
                    "read": false,
                    "retention_policy_days": 0,
                    "version": "1.0",
                    "write": false
                  }
                ],
                "minute_metrics": [
                  {
                    "enabled": false,
                    "include_apis": false,
                    "retention_policy_days": 0,
                    "version": "1.0"
                  }
                ]
              }
            ],
            "resource_group_name": "tpgame-app01-rgtpterraform",
            "secondary_access_key": "nLRru6dVDkAWuXhvZkBUXBpak1iAbYDlIAzyv1rnyDL8dBsbnplS0FeheTXViRnz1pke02dMwliyGSqNHvQRLA==",
            "secondary_blob_connection_string": "",
            "secondary_blob_endpoint": null,
            "secondary_blob_host": null,
            "secondary_connection_string": "DefaultEndpointsProtocol=https;AccountName=satpterraformesgi;AccountKey=nLRru6dVDkAWuXhvZkBUXBpak1iAbYDlIAzyv1rnyDL8dBsbnplS0FeheTXViRnz1pke02dMwliyGSqNHvQRLA==;EndpointSuffix=core.windows.net",
            "secondary_dfs_endpoint": null,
            "secondary_dfs_host": null,
            "secondary_file_endpoint": null,
            "secondary_file_host": null,
            "secondary_location": "",
            "secondary_queue_endpoint": null,
            "secondary_queue_host": null,
            "secondary_table_endpoint": null,
            "secondary_table_host": null,
            "secondary_web_endpoint": null,
            "secondary_web_host": null,
            "static_website": [],
            "tags": null,
            "timeouts": null
          },
          "sensitive_attributes": [],
          "private": "eyJlMmJmYjczMC1lY2FhLTExZTYtOGY4OC0zNDM2M2JjN2M0YzAiOnsiY3JlYXRlIjozNjAwMDAwMDAwMDAwLCJkZWxldGUiOjM2MDAwMDAwMDAwMDAsInJlYWQiOjMwMDAwMDAwMDAwMCwidXBkYXRlIjozNjAwMDAwMDAwMDAwfSwic2NoZW1hX3ZlcnNpb24iOiIyIn0=",
          "dependencies": [
            "azurerm_resource_group.resource_group"
          ]
        }
      ]
    },
    {
      "mode": "managed",
      "type": "azurerm_traffic_manager_endpoint",
      "name": "traffic_manager_endpoint",
      "provider": "provider[\"registry.terraform.io/hashicorp/azurerm\"]",
      "instances": [
        {
          "schema_version": 0,
          "attributes": {
            "custom_header": [],
            "endpoint_location": "France Central",
            "endpoint_monitor_status": "Degraded",
            "endpoint_status": "Enabled",
            "geo_mappings": [],
            "id": "/subscriptions/f5e16c5a-309d-4f6e-a1d4-9f2b6bbc5998/resourceGroups/tpgame-app01-rgtpterraform/providers/Microsoft.Network/trafficManagerProfiles/tpgame-app01-traf1/azureEndpoints/tpgame-app01-traf-ep1",
            "min_child_endpoints": 0,
            "name": "tpgame-app01-traf-ep1",
            "priority": 1,
            "profile_name": "tpgame-app01-traf1",
            "resource_group_name": "tpgame-app01-rgtpterraform",
            "subnet": [],
            "target": "tpgame-app01-app-1.azurewebsites.net",
            "target_resource_id": "/subscriptions/f5e16c5a-309d-4f6e-a1d4-9f2b6bbc5998/resourceGroups/tpgame-app01-rgtpterraform/providers/Microsoft.Web/sites/tpgame-app01-app-1",
            "timeouts": null,
            "type": "azureEndpoints",
            "weight": 1
          },
          "sensitive_attributes": [],
          "private": "eyJlMmJmYjczMC1lY2FhLTExZTYtOGY4OC0zNDM2M2JjN2M0YzAiOnsiY3JlYXRlIjoxODAwMDAwMDAwMDAwLCJkZWxldGUiOjE4MDAwMDAwMDAwMDAsInJlYWQiOjMwMDAwMDAwMDAwMCwidXBkYXRlIjoxODAwMDAwMDAwMDAwfX0=",
          "dependencies": [
            "azurerm_app_service.appservice",
            "azurerm_app_service_plan.appserviceplan1",
            "azurerm_application_insights.appService-app_insights",
            "azurerm_resource_group.resource_group",
            "azurerm_traffic_manager_profile.traffic_manager",
            "random_id.server"
          ]
        }
      ]
    },
    {
      "mode": "managed",
      "type": "azurerm_traffic_manager_profile",
      "name": "traffic_manager",
      "provider": "provider[\"registry.terraform.io/hashicorp/azurerm\"]",
      "instances": [
        {
          "schema_version": 0,
          "attributes": {
            "dns_config": [
              {
                "relative_name": "603fbff0a7885f6c",
                "ttl": 100
              }
            ],
            "fqdn": "603fbff0a7885f6c.trafficmanager.net",
            "id": "/subscriptions/f5e16c5a-309d-4f6e-a1d4-9f2b6bbc5998/resourceGroups/tpgame-app01-rgtpterraform/providers/Microsoft.Network/trafficManagerProfiles/tpgame-app01-traf1",
            "monitor_config": [
              {
                "custom_header": [],
                "expected_status_code_ranges": [],
                "interval_in_seconds": 30,
                "path": "/",
                "port": 80,
                "protocol": "HTTP",
                "timeout_in_seconds": 9,
                "tolerated_number_of_failures": 3
              }
            ],
            "name": "tpgame-app01-traf1",
            "profile_status": "Enabled",
            "resource_group_name": "tpgame-app01-rgtpterraform",
            "tags": {},
            "timeouts": null,
            "traffic_routing_method": "Weighted"
          },
          "sensitive_attributes": [],
          "private": "eyJlMmJmYjczMC1lY2FhLTExZTYtOGY4OC0zNDM2M2JjN2M0YzAiOnsiY3JlYXRlIjoxODAwMDAwMDAwMDAwLCJkZWxldGUiOjE4MDAwMDAwMDAwMDAsInJlYWQiOjMwMDAwMDAwMDAwMCwidXBkYXRlIjoxODAwMDAwMDAwMDAwfX0=",
          "dependencies": [
            "azurerm_resource_group.resource_group",
            "random_id.server"
          ]
        }
      ]
    },
    {
      "mode": "managed",
      "type": "random_id",
      "name": "server",
      "provider": "provider[\"registry.terraform.io/hashicorp/random\"]",
      "instances": [
        {
          "schema_version": 0,
          "attributes": {
            "b64_std": "YD+/8KeIX2w=",
            "b64_url": "YD-_8KeIX2w",
            "byte_length": 8,
            "dec": "6935472991497641836",
            "hex": "603fbff0a7885f6c",
            "id": "YD-_8KeIX2w",
            "keepers": {
              "azi_id": "1"
            },
            "prefix": null
          },
          "sensitive_attributes": [],
          "private": "bnVsbA=="
        }
      ]
    },
    {
      "mode": "managed",
      "type": "random_string",
      "name": "random",
      "provider": "provider[\"registry.terraform.io/hashicorp/random\"]",
      "instances": [
        {
          "schema_version": 1,
          "attributes": {
            "id": "g3zzYqrvPv$xRdTw",
            "keepers": null,
            "length": 16,
            "lower": true,
            "min_lower": 0,
            "min_numeric": 0,
            "min_special": 0,
            "min_upper": 0,
            "number": true,
            "override_special": "/@£$",
            "result": "g3zzYqrvPv$xRdTw",
            "special": true,
            "upper": true
          },
          "sensitive_attributes": [],
          "private": "eyJzY2hlbWFfdmVyc2lvbiI6IjEifQ=="
        }
      ]
    }
  ]
}
